{
  "nodes": {
    "crane": {
      "inputs": {
        "nixpkgs": [
          "nixpkgs"
        ]
      },
      "locked": {
        "lastModified": 1712180168,
        "narHash": "sha256-sYe00cK+kKnQlVo1wUIZ5rZl9x8/r3djShUqNgfjnM4=",
        "owner": "ipetkov",
        "repo": "crane",
        "rev": "06a9ff255c1681299a87191c2725d9d579f28b82",
        "type": "github"
      },
      "original": {
        "owner": "ipetkov",
        "repo": "crane",
        "type": "github"
      }
    },
    "fenix": {
      "inputs": {
        "nixpkgs": "nixpkgs",
        "rust-analyzer-src": "rust-analyzer-src"
      },
      "locked": {
        "lastModified": 1712211755,
        "narHash": "sha256-KIJA4OvXFDXEeu7wstFDCxqZEfjaPQIowpzNww48TUw=",
        "owner": "nix-community",
        "repo": "fenix",
        "rev": "39763c6e23a8423af316b85a74bad0cc5bc88d86",
        "type": "github"
      },
      "original": {
        "id": "fenix",
        "type": "indirect"
      }
    },
    "flake-utils": {
      "inputs": {
        "systems": "systems"
      },
      "locked": {
        "lastModified": 1710146030,
        "narHash": "sha256-SZ5L6eA7HJ/nmkzGG7/ISclqe6oZdOZTNoesiInkXPQ=",
        "owner": "numtide",
        "repo": "flake-utils",
        "rev": "b1d9ab70662946ef0850d488da1c9019f3a9752a",
        "type": "github"
      },
      "original": {
        "owner": "numtide",
        "repo": "flake-utils",
        "type": "github"
      }
    },
    "nixpkgs": {
      "locked": {
        "lastModified": 1712122226,
        "narHash": "sha256-pmgwKs8Thu1WETMqCrWUm0CkN1nmCKX3b51+EXsAZyY=",
        "owner": "nixos",
        "repo": "nixpkgs",
        "rev": "08b9151ed40350725eb40b1fe96b0b86304a654b",
        "type": "github"
      },
      "original": {
        "owner": "nixos",
        "ref": "nixos-unstable",
        "repo": "nixpkgs",
        "type": "github"
      }
    },
    "nixpkgs_2": {
      "locked": {
        "lastModified": 1712122226,
        "narHash": "sha256-pmgwKs8Thu1WETMqCrWUm0CkN1nmCKX3b51+EXsAZyY=",
        "owner": "nixos",
        "repo": "nixpkgs",
        "rev": "08b9151ed40350725eb40b1fe96b0b86304a654b",
        "type": "github"
      },
      "original": {
        "owner": "nixos",
        "ref": "nixos-unstable",
        "repo": "nixpkgs",
        "type": "github"
      }
    },
    "root": {
      "inputs": {
        "crane": "crane",
        "fenix": "fenix",
        "flake-utils": "flake-utils",
        "nixpkgs": "nixpkgs_2",
        "workers-rs": "workers-rs"
      }
    },
    "rust-analyzer-src": {
      "flake": false,
      "locked": {
        "lastModified": 1712156296,
        "narHash": "sha256-St7ZQrkrr5lmQX9wC1ZJAFxL8W7alswnyZk9d1se3Us=",
        "owner": "rust-lang",
        "repo": "rust-analyzer",
        "rev": "8e581ac348e223488622f4d3003cb2bd412bf27e",
        "type": "github"
      },
      "original": {
        "owner": "rust-lang",
        "ref": "nightly",
        "repo": "rust-analyzer",
        "type": "github"
      }
    },
    "systems": {
      "locked": {
        "lastModified": 1681028828,
        "narHash": "sha256-Vy1rq5AaRuLzOxct8nz4T6wlgyUR7zLU309k9mBC768=",
        "owner": "nix-systems",
        "repo": "default",
        "rev": "da67096a3b9bf56a91d16901293e51ba5b49a27e",
        "type": "github"
      },
      "original": {
        "owner": "nix-systems",
        "repo": "default",
        "type": "github"
      }
    },
    "workers-rs": {
      "flake": false,
      "locked": {
        "lastModified": 1712083113,
        "narHash": "sha256-k8F8iX7kS+Jfz22ge84P7DoL1PAM+uuB/5uhjvzvY5w=",
        "owner": "cloudflare",
        "repo": "workers-rs",
        "rev": "c1805b65285e4d0fa16c1496ea7d7052b44b4655",
        "type": "github"
      },
      "original": {
        "owner": "cloudflare",
        "repo": "workers-rs",
        "type": "github"
      }
    }
  },
  "root": "root",
  "version": 7
}
