{
  "nodes": {
    "crane": {
      "inputs": {
        "nixpkgs": [
          "nixpkgs"
        ]
      },
      "locked": {
        "lastModified": 1697840921,
        "narHash": "sha256-zXHwu104SQOxogkMgg+w22c3+zI/FvK83TAkfLmeKw0=",
        "owner": "ipetkov",
        "repo": "crane",
        "rev": "758ae442227103fa501276e8225609a11c99718e",
        "type": "github"
      },
      "original": {
        "owner": "ipetkov",
        "repo": "crane",
        "type": "github"
      }
    },
    "fenix": {
      "inputs": {
        "nixpkgs": "nixpkgs",
        "rust-analyzer-src": "rust-analyzer-src"
      },
      "locked": {
        "lastModified": 1697955619,
        "narHash": "sha256-tV+03687ZIYGOfwZ4mpj87RqIr+Lk5G2izpyGoxBUZ0=",
        "owner": "nix-community",
        "repo": "fenix",
        "rev": "d68b510034f2cf72ad65a792cb6b5003720aae0e",
        "type": "github"
      },
      "original": {
        "id": "fenix",
        "type": "indirect"
      }
    },
    "flake-utils": {
      "inputs": {
        "systems": "systems"
      },
      "locked": {
        "lastModified": 1694529238,
        "narHash": "sha256-zsNZZGTGnMOf9YpHKJqMSsa0dXbfmxeoJ7xHlrt+xmY=",
        "owner": "numtide",
        "repo": "flake-utils",
        "rev": "ff7b65b44d01cf9ba6a71320833626af21126384",
        "type": "github"
      },
      "original": {
        "owner": "numtide",
        "repo": "flake-utils",
        "type": "github"
      }
    },
    "nixpkgs": {
      "locked": {
        "lastModified": 1697723726,
        "narHash": "sha256-SaTWPkI8a5xSHX/rrKzUe+/uVNy6zCGMXgoeMb7T9rg=",
        "owner": "nixos",
        "repo": "nixpkgs",
        "rev": "7c9cc5a6e5d38010801741ac830a3f8fd667a7a0",
        "type": "github"
      },
      "original": {
        "owner": "nixos",
        "ref": "nixos-unstable",
        "repo": "nixpkgs",
        "type": "github"
      }
    },
    "nixpkgs_2": {
      "locked": {
        "lastModified": 1697723726,
        "narHash": "sha256-SaTWPkI8a5xSHX/rrKzUe+/uVNy6zCGMXgoeMb7T9rg=",
        "owner": "nixos",
        "repo": "nixpkgs",
        "rev": "7c9cc5a6e5d38010801741ac830a3f8fd667a7a0",
        "type": "github"
      },
      "original": {
        "owner": "nixos",
        "ref": "nixos-unstable",
        "repo": "nixpkgs",
        "type": "github"
      }
    },
    "root": {
      "inputs": {
        "crane": "crane",
        "fenix": "fenix",
        "flake-utils": "flake-utils",
        "nixpkgs": "nixpkgs_2",
        "rust-overlay": "rust-overlay",
        "workers-rs": "workers-rs"
      }
    },
    "rust-analyzer-src": {
      "flake": false,
      "locked": {
        "lastModified": 1697904622,
        "narHash": "sha256-WhVLcHRylZPFbRuyKFKwrrppKiPnDb7lnytswXOaNVI=",
        "owner": "rust-lang",
        "repo": "rust-analyzer",
        "rev": "7c11399b6bc5cf7a0b12a506a4b155a4be0458ee",
        "type": "github"
      },
      "original": {
        "owner": "rust-lang",
        "ref": "nightly",
        "repo": "rust-analyzer",
        "type": "github"
      }
    },
    "rust-overlay": {
      "inputs": {
        "flake-utils": [
          "flake-utils"
        ],
        "nixpkgs": [
          "nixpkgs"
        ]
      },
      "locked": {
        "lastModified": 1697940838,
        "narHash": "sha256-eyk92QqAoRNC0V99KOcKcBZjLPixxNBS0PRc4KlSQVs=",
        "owner": "oxalica",
        "repo": "rust-overlay",
        "rev": "a3e829c06eadf848f13d109c7648570ce37ebccd",
        "type": "github"
      },
      "original": {
        "owner": "oxalica",
        "repo": "rust-overlay",
        "type": "github"
      }
    },
    "systems": {
      "locked": {
        "lastModified": 1681028828,
        "narHash": "sha256-Vy1rq5AaRuLzOxct8nz4T6wlgyUR7zLU309k9mBC768=",
        "owner": "nix-systems",
        "repo": "default",
        "rev": "da67096a3b9bf56a91d16901293e51ba5b49a27e",
        "type": "github"
      },
      "original": {
        "owner": "nix-systems",
        "repo": "default",
        "type": "github"
      }
    },
    "workers-rs": {
      "flake": false,
      "locked": {
        "lastModified": 1696192204,
        "narHash": "sha256-+J+H7lQMvVzVFRGlw2I4PWCGUk4NYAvKuPumMyrwI1A=",
        "owner": "cloudflare",
        "repo": "workers-rs",
        "rev": "1d307145d9114d3241932ed2965fb1c65e6a67a9",
        "type": "github"
      },
      "original": {
        "owner": "cloudflare",
        "repo": "workers-rs",
        "type": "github"
      }
    }
  },
  "root": "root",
  "version": 7
}
